# This file is automatically @generated by Cargo.
# It is not intended for manual editing.
version = 3

[[package]]
name = "bootloader"
version = "0.10.0-alpha-03"
source = "registry+https://github.com/rust-lang/crates.io-index"
checksum = "47c46ddc26f319da11c86be1c748720a1017968973212c86c46be04050870945"

[[package]]
name = "grey_os"
version = "0.1.0"
dependencies = [
 "bootloader",
]
